
Microsoft Visual Studio Solution File, Format Version 12.00
# Visual Studio Version 17
VisualStudioVersion = 17.11.35327.3
MinimumVisualStudioVersion = 10.0.40219.1
Project("{FAE04EC0-301F-11D3-BF4B-00C04F79EFBC}") = "ia", "ia\ia.csproj", "{39FCA90A-E795-498D-86FB-D102FEF43A25}"
EndProject
Global
	GlobalSection(SolutionConfigurationPlatforms) = preSolution
		Debug|Any CPU = Debug|Any CPU
		Release|Any CPU = Release|Any CPU
	EndGlobalSection
	GlobalSection(ProjectConfigurationPlatforms) = postSolution
		{39FCA90A-E795-498D-86FB-D102FEF43A25}.Debug|Any CPU.ActiveCfg = Debug|Any CPU
		{39FCA90A-E795-498D-86FB-D102FEF43A25}.Debug|Any CPU.Build.0 = Debug|Any CPU
		{39FCA90A-E795-498D-86FB-D102FEF43A25}.Release|Any CPU.ActiveCfg = Release|Any CPU
		{39FCA90A-E795-498D-86FB-D102FEF43A25}.Release|Any CPU.Build.0 = Release|Any CPU
	EndGlobalSection
	GlobalSection(SolutionProperties) = preSolution
		HideSolutionNode = FALSE
	EndGlobalSection
	GlobalSection(ExtensibilityGlobals) = postSolution
		SolutionGuid = {CECE5941-6257-4D3F-B4E1-3FA7753BD849}
	EndGlobalSection
EndGlobal
